lock_version = 2
manifest_checksum = "0752f6d05e4f48b701130d8cd8c5f114c0d96004b14a7e568ca151c7f1ea0c92"
target = "aarch64-apple-darwin"
generator = "1.1.12"

[root_dependencies]
yanxu-html = "yanxu-html@0.1.1#a5b4b144f221-a9abbb88ee18e7de"

[root_dev_dependencies]

[[package]]
id = "yanxu-html@0.1.1#a5b4b144f221-a9abbb88ee18e7de"
name = "yanxu-html"
version = "0.1.1"
source = "path:.."
checksum = "a9abbb88ee18e7de23e6e50588ca68e1d4a4e8def179ab17b0039237e214324d"
entry = "src/言序HTML.yx"
target = "aarch64-apple-darwin"
minimum_yanxu = ">=1.1.5"

[package.dependencies]

[package.exports]
"默认" = "src/言序HTML.yx"
