lock_version = 2
manifest_checksum = "0752f6d05e4f48b701130d8cd8c5f114c0d96004b14a7e568ca151c7f1ea0c92"
target = "aarch64-apple-darwin"
generator = "1.1.12"

[root_dependencies]
yanxu-html = "yanxu-html@0.1.1#a5b4b144f221-1bb9776fe2faa2f8"

[root_dev_dependencies]

[[package]]
id = "yanxu-html@0.1.1#a5b4b144f221-1bb9776fe2faa2f8"
name = "yanxu-html"
version = "0.1.1"
source = "path:.."
checksum = "1bb9776fe2faa2f858a1062c019f335b0286e3ca41b181c90f52c5a947a1bf3d"
entry = "src/言序HTML.yx"
target = "aarch64-apple-darwin"
minimum_yanxu = ">=1.1.5"

[package.dependencies]

[package.exports]
"默认" = "src/言序HTML.yx"
