lock_version = 2
manifest_checksum = "0752f6d05e4f48b701130d8cd8c5f114c0d96004b14a7e568ca151c7f1ea0c92"
target = "aarch64-apple-darwin"
generator = "1.1.12"

[root_dependencies]
yanxu-html = "yanxu-html@0.1.1#a5b4b144f221-2ca8bc11470da462"

[root_dev_dependencies]

[[package]]
id = "yanxu-html@0.1.1#a5b4b144f221-2ca8bc11470da462"
name = "yanxu-html"
version = "0.1.1"
source = "path:.."
checksum = "2ca8bc11470da462235fb5de13431c08286a5e310b1b558bf2f3adc73cc620fd"
entry = "src/言序HTML.yx"
target = "aarch64-apple-darwin"
minimum_yanxu = ">=1.1.5"

[package.dependencies]

[package.exports]
"默认" = "src/言序HTML.yx"
